{
  "version": "5",
  "redirects": {
    "https://esm.sh/@supabase/supabase-js@2": "https://esm.sh/@supabase/supabase-js@2.108.1"
  },
  "remote": {
    "https://deno.land/std@0.168.0/async/abortable.ts": "80b2ac399f142cc528f95a037a7d0e653296352d95c681e284533765961de409",
    "https://deno.land/std@0.168.0/async/deadline.ts": "2c2deb53c7c28ca1dda7a3ad81e70508b1ebc25db52559de6b8636c9278fd41f",
    "https://deno.land/std@0.168.0/async/debounce.ts": "60301ffb37e730cd2d6f9dadfd0ecb2a38857681bd7aaf6b0a106b06e5210a98",
    "https://deno.land/std@0.168.0/async/deferred.ts": "77d3f84255c3627f1cc88699d8472b664d7635990d5358c4351623e098e917d6",
    "https://deno.land/std@0.168.0/async/delay.ts": "5a9bfba8de38840308a7a33786a0155a7f6c1f7a859558ddcec5fe06e16daf57",
    "https://deno.land/std@0.168.0/async/mod.ts": "7809ad4bb223e40f5fdc043e5c7ca04e0e25eed35c32c3c32e28697c553fa6d9",
    "https://deno.land/std@0.168.0/async/mux_async_iterator.ts": "770a0ff26c59f8bbbda6b703a2235f04e379f73238e8d66a087edc68c2a2c35f",
    "https://deno.land/std@0.168.0/async/pool.ts": "6854d8cd675a74c73391c82005cbbe4cc58183bddcd1fbbd7c2bcda42b61cf69",
    "https://deno.land/std@0.168.0/async/retry.ts": "e8e5173623915bbc0ddc537698fa418cf875456c347eda1ed453528645b42e67",
    "https://deno.land/std@0.168.0/async/tee.ts": "3a47cc4e9a940904fd4341f0224907e199121c80b831faa5ec2b054c6d2eff5e",
    "https://deno.land/std@0.168.0/http/server.ts": "e99c1bee8a3f6571ee4cdeb2966efad465b8f6fe62bec1bdb59c1f007cc4d155",
    "https://esm.sh/@supabase/supabase-js@2.108.1": "fca0990662d240263b440bc055ea919312c0d27f7ab295e835e1644cf49200ce"
  },
  "workspace": {
    "packageJson": {
      "dependencies": [
        "npm:@base-ui/react@^1.4.1",
        "npm:@dnd-kit/core@^6.3.1",
        "npm:@dnd-kit/sortable@10",
        "npm:@dnd-kit/utilities@^3.2.2",
        "npm:@eslint/js@^9.39.4",
        "npm:@fontsource-variable/geist@^5.2.8",
        "npm:@hookform/resolvers@^5.2.2",
        "npm:@playwright/test@^1.60.0",
        "npm:@radix-ui/react-dialog@^1.1.15",
        "npm:@react-pdf/renderer@^4.5.1",
        "npm:@react-spring/three@^10.0.3",
        "npm:@react-three/drei@^10.7.7",
        "npm:@react-three/fiber@^9.6.1",
        "npm:@sentry/react@^10.56.0",
        "npm:@sentry/vite-plugin@^5.3.0",
        "npm:@supabase/supabase-js@^2.104.0",
        "npm:@tailwindcss/forms@~0.5.11",
        "npm:@tailwindcss/postcss@^4.2.4",
        "npm:@types/d3-geo@^3.1.0",
        "npm:@types/dagre@~0.7.54",
        "npm:@types/node@^24.12.2",
        "npm:@types/react-dom@^19.2.3",
        "npm:@types/react@^19.2.14",
        "npm:@types/three@0.184",
        "npm:@vitejs/plugin-react@^6.0.1",
        "npm:@vitest/coverage-v8@^4.1.7",
        "npm:@xyflow/react@^12.10.2",
        "npm:autoprefixer@^10.5.0",
        "npm:chart.js@^4.5.1",
        "npm:class-variance-authority@~0.7.1",
        "npm:clsx@^2.1.1",
        "npm:d3-geo@^3.1.1",
        "npm:dagre@~0.8.5",
        "npm:dotenv@^17.4.2",
        "npm:eslint-plugin-react-hooks@^7.1.1",
        "npm:eslint-plugin-react-refresh@~0.5.2",
        "npm:eslint@^9.39.4",
        "npm:framer-motion@^12.38.0",
        "npm:globals@^17.5.0",
        "npm:html-to-docx@^1.8.0",
        "npm:html-to-image@^1.11.13",
        "npm:jspdf@^4.2.1",
        "npm:jszip@^3.10.1",
        "npm:lucide-react@^1.8.0",
        "npm:next-themes@~0.4.6",
        "npm:openai@^6.38.0",
        "npm:pg@^8.21.0",
        "npm:postcss@^8.5.10",
        "npm:posthog-js@^1.372.6",
        "npm:posthog-node@^5.35.11",
        "npm:react-chartjs-2@^5.3.1",
        "npm:react-dom@^19.2.5",
        "npm:react-hook-form@^7.73.1",
        "npm:react-is@^19.2.5",
        "npm:react-router-dom@^7.14.2",
        "npm:react@^19.2.5",
        "npm:recharts@^3.8.1",
        "npm:shadcn@^4.4.0",
        "npm:sonner@^2.0.7",
        "npm:tailwind-merge@^3.5.0",
        "npm:tailwind-scrollbar-hide@4",
        "npm:tailwindcss@^4.2.4",
        "npm:three@0.184",
        "npm:tw-animate-css@^1.4.0",
        "npm:typescript-eslint@^8.58.2",
        "npm:typescript@~6.0.2",
        "npm:vite@^8.0.9",
        "npm:vitest@^4.1.7",
        "npm:zod@^4.3.6",
        "npm:zustand@^5.0.12"
      ]
    }
  }
}
